PODS:
  - Capacitor (6.2.1):
    - CapacitorCordova
  - CapacitorCommunityAdmob (6.2.0):
    - Capacitor
    - Google-Mobile-Ads-SDK (= 11.3.0)
  - CapacitorCordova (6.2.1)
  - CapacitorSplashScreen (6.0.4):
    - Capacitor
  - Google-Mobile-Ads-SDK (11.3.0):
    - GoogleUserMessagingPlatform (>= 1.1)
  - GoogleUserMessagingPlatform (2.7.0)
  - SquareetlabsCapacitorSubscriptions (1.0.25):
    - Capacitor

DEPENDENCIES:
  - "Capacitor (from `../../node_modules/@capacitor/ios`)"
  - "CapacitorCommunityAdmob (from `../../node_modules/@capacitor-community/admob`)"
  - "CapacitorCordova (from `../../node_modules/@capacitor/ios`)"
  - "CapacitorSplashScreen (from `../../node_modules/@capacitor/splash-screen`)"
  - GoogleUserMessagingPlatform (~> 2.6)
  - "SquareetlabsCapacitorSubscriptions (from `../../node_modules/@squareetlabs/capacitor-subscriptions`)"

SPEC REPOS:
  trunk:
    - Google-Mobile-Ads-SDK
    - GoogleUserMessagingPlatform

EXTERNAL SOURCES:
  Capacitor:
    :path: "../../node_modules/@capacitor/ios"
  CapacitorCommunityAdmob:
    :path: "../../node_modules/@capacitor-community/admob"
  CapacitorCordova:
    :path: "../../node_modules/@capacitor/ios"
  CapacitorSplashScreen:
    :path: "../../node_modules/@capacitor/splash-screen"
  SquareetlabsCapacitorSubscriptions:
    :path: "../../node_modules/@squareetlabs/capacitor-subscriptions"

SPEC CHECKSUMS:
  Capacitor: c95400d761e376be9da6be5a05f226c0e865cebf
  CapacitorCommunityAdmob: 52a6ebbec5e4c277d2694657becd42bcadbe369a
  CapacitorCordova: 8d93e14982f440181be7304aa9559ca631d77fff
  CapacitorSplashScreen: ef140a8b1ea7244e0c245ce2dd4ce5251e7ab86a
  Google-Mobile-Ads-SDK: 301a16c461c331ba34ff4dab40a22ab7c147af61
  GoogleUserMessagingPlatform: a8b56893477f67212fbc8411c139e61d463349f5
  SquareetlabsCapacitorSubscriptions: 9ebfcd67efe366bdd10f1e7b5ff15e50aa5cb548

PODFILE CHECKSUM: 225ab18bda7c2f077bb30da13e29bfddac591f9c

COCOAPODS: 1.16.2
